
Microsoft Visual Studio Solution File, Format Version 12.00
# Visual Studio Version 17
VisualStudioVersion = 17.8.34322.80
MinimumVisualStudioVersion = 10.0.40219.1
Project("{FAE04EC0-301F-11D3-BF4B-00C04F79EFBC}") = "Base.App", "Base.App\Base.App.csproj", "{1B3BB59F-253B-4B08-96B0-D256ABB655D7}"
EndProject
Project("{FAE04EC0-301F-11D3-BF4B-00C04F79EFBC}") = "Base.Test", "Base.Test\Base.Test.csproj", "{EAEF6977-0F6B-415A-9530-39CF650DF2EC}"
EndProject
Global
	GlobalSection(SolutionConfigurationPlatforms) = preSolution
		Debug|Any CPU = Debug|Any CPU
		Release|Any CPU = Release|Any CPU
	EndGlobalSection
	GlobalSection(ProjectConfigurationPlatforms) = postSolution
		{1B3BB59F-253B-4B08-96B0-D256ABB655D7}.Debug|Any CPU.ActiveCfg = Debug|Any CPU
		{1B3BB59F-253B-4B08-96B0-D256ABB655D7}.Debug|Any CPU.Build.0 = Debug|Any CPU
		{1B3BB59F-253B-4B08-96B0-D256ABB655D7}.Release|Any CPU.ActiveCfg = Release|Any CPU
		{1B3BB59F-253B-4B08-96B0-D256ABB655D7}.Release|Any CPU.Build.0 = Release|Any CPU
		{EAEF6977-0F6B-415A-9530-39CF650DF2EC}.Debug|Any CPU.ActiveCfg = Debug|Any CPU
		{EAEF6977-0F6B-415A-9530-39CF650DF2EC}.Debug|Any CPU.Build.0 = Debug|Any CPU
		{EAEF6977-0F6B-415A-9530-39CF650DF2EC}.Release|Any CPU.ActiveCfg = Release|Any CPU
		{EAEF6977-0F6B-415A-9530-39CF650DF2EC}.Release|Any CPU.Build.0 = Release|Any CPU
	EndGlobalSection
	GlobalSection(SolutionProperties) = preSolution
		HideSolutionNode = FALSE
	EndGlobalSection
	GlobalSection(ExtensibilityGlobals) = postSolution
		SolutionGuid = {1FDE4A66-D1F3-45BF-BC64-0D66314B232F}
	EndGlobalSection
EndGlobal
